
Microsoft Visual Studio Solution File, Format Version 12.00
# Visual Studio Version 16
VisualStudioVersion = 16.0.28922.388
MinimumVisualStudioVersion = 10.0.40219.1
Project("{FAE04EC0-301F-11D3-BF4B-00C04F79EFBC}") = "RandomArt", "RandomArt.csproj", "{313F7319-78FF-43A1-8D4A-B3D703D557D3}"
EndProject
Global
	GlobalSection(SolutionConfigurationPlatforms) = preSolution
		Debug|Any CPU = Debug|Any CPU
		Release|Any CPU = Release|Any CPU
	EndGlobalSection
	GlobalSection(ProjectConfigurationPlatforms) = postSolution
		{313F7319-78FF-43A1-8D4A-B3D703D557D3}.Debug|Any CPU.ActiveCfg = Debug|Any CPU
		{313F7319-78FF-43A1-8D4A-B3D703D557D3}.Debug|Any CPU.Build.0 = Debug|Any CPU
		{313F7319-78FF-43A1-8D4A-B3D703D557D3}.Release|Any CPU.ActiveCfg = Release|Any CPU
		{313F7319-78FF-43A1-8D4A-B3D703D557D3}.Release|Any CPU.Build.0 = Release|Any CPU
	EndGlobalSection
	GlobalSection(SolutionProperties) = preSolution
		HideSolutionNode = FALSE
	EndGlobalSection
	GlobalSection(ExtensibilityGlobals) = postSolution
		SolutionGuid = {6D3B6F36-BAE9-47AD-92E6-C1725020877F}
	EndGlobalSection
EndGlobal
